
Microsoft Visual Studio Solution File, Format Version 12.00
# Visual Studio Version 17
VisualStudioVersion = 17.8.34316.72
MinimumVisualStudioVersion = 10.0.40219.1
Project("{FAE04EC0-301F-11D3-BF4B-00C04F79EFBC}") = "APItask1", "APItask1\APItask1.csproj", "{DEEECF99-5DF6-47C9-9372-5B0AB0876930}"
EndProject
Global
	GlobalSection(SolutionConfigurationPlatforms) = preSolution
		Debug|Any CPU = Debug|Any CPU
		Release|Any CPU = Release|Any CPU
	EndGlobalSection
	GlobalSection(ProjectConfigurationPlatforms) = postSolution
		{DEEECF99-5DF6-47C9-9372-5B0AB0876930}.Debug|Any CPU.ActiveCfg = Debug|Any CPU
		{DEEECF99-5DF6-47C9-9372-5B0AB0876930}.Debug|Any CPU.Build.0 = Debug|Any CPU
		{DEEECF99-5DF6-47C9-9372-5B0AB0876930}.Release|Any CPU.ActiveCfg = Release|Any CPU
		{DEEECF99-5DF6-47C9-9372-5B0AB0876930}.Release|Any CPU.Build.0 = Release|Any CPU
	EndGlobalSection
	GlobalSection(SolutionProperties) = preSolution
		HideSolutionNode = FALSE
	EndGlobalSection
	GlobalSection(ExtensibilityGlobals) = postSolution
		SolutionGuid = {EBA1FA22-ED2B-4442-A113-9EA7E4A54875}
	EndGlobalSection
EndGlobal
